
Microsoft Visual Studio Solution File, Format Version 12.00
Project("{FAE04EC0-301F-11D3-BF4B-00C04F79EFBC}") = "TasksManager.Domain", "TasksManager.Domain\TasksManager.Domain.csproj", "{E98B134C-8346-4BE6-8812-E369827B9FA5}"
EndProject
Project("{FAE04EC0-301F-11D3-BF4B-00C04F79EFBC}") = "TasksManager.Application", "TasksManager.Application\TasksManager.Application.csproj", "{3037962D-32F0-4AFB-BD36-50BA7B6E0DBD}"
EndProject
Project("{FAE04EC0-301F-11D3-BF4B-00C04F79EFBC}") = "TasksManager.Infrastructure", "TasksManager.Infrastructure\TasksManager.Infrastructure.csproj", "{DF22081F-6B9F-497B-9F81-BAC5AC7CCBE2}"
EndProject
Project("{FAE04EC0-301F-11D3-BF4B-00C04F79EFBC}") = "TasksManager", "TasksManager\TasksManager.csproj", "{59649F73-DEE0-4F11-BE1A-D024F680464D}"
EndProject
Project("{FAE04EC0-301F-11D3-BF4B-00C04F79EFBC}") = "TasksManager.Core", "TasksManager.Core\TasksManager.Core.csproj", "{20D16665-FD60-4D8E-BD5D-DB265C0C53B8}"
EndProject
Global
	GlobalSection(SolutionConfigurationPlatforms) = preSolution
		Debug|Any CPU = Debug|Any CPU
		Release|Any CPU = Release|Any CPU
	EndGlobalSection
	GlobalSection(ProjectConfigurationPlatforms) = postSolution
		{E98B134C-8346-4BE6-8812-E369827B9FA5}.Debug|Any CPU.ActiveCfg = Debug|Any CPU
		{E98B134C-8346-4BE6-8812-E369827B9FA5}.Debug|Any CPU.Build.0 = Debug|Any CPU
		{E98B134C-8346-4BE6-8812-E369827B9FA5}.Release|Any CPU.ActiveCfg = Release|Any CPU
		{E98B134C-8346-4BE6-8812-E369827B9FA5}.Release|Any CPU.Build.0 = Release|Any CPU
		{3037962D-32F0-4AFB-BD36-50BA7B6E0DBD}.Debug|Any CPU.ActiveCfg = Debug|Any CPU
		{3037962D-32F0-4AFB-BD36-50BA7B6E0DBD}.Debug|Any CPU.Build.0 = Debug|Any CPU
		{3037962D-32F0-4AFB-BD36-50BA7B6E0DBD}.Release|Any CPU.ActiveCfg = Release|Any CPU
		{3037962D-32F0-4AFB-BD36-50BA7B6E0DBD}.Release|Any CPU.Build.0 = Release|Any CPU
		{DF22081F-6B9F-497B-9F81-BAC5AC7CCBE2}.Debug|Any CPU.ActiveCfg = Debug|Any CPU
		{DF22081F-6B9F-497B-9F81-BAC5AC7CCBE2}.Debug|Any CPU.Build.0 = Debug|Any CPU
		{DF22081F-6B9F-497B-9F81-BAC5AC7CCBE2}.Release|Any CPU.ActiveCfg = Release|Any CPU
		{DF22081F-6B9F-497B-9F81-BAC5AC7CCBE2}.Release|Any CPU.Build.0 = Release|Any CPU
		{59649F73-DEE0-4F11-BE1A-D024F680464D}.Debug|Any CPU.ActiveCfg = Debug|Any CPU
		{59649F73-DEE0-4F11-BE1A-D024F680464D}.Debug|Any CPU.Build.0 = Debug|Any CPU
		{59649F73-DEE0-4F11-BE1A-D024F680464D}.Release|Any CPU.ActiveCfg = Release|Any CPU
		{59649F73-DEE0-4F11-BE1A-D024F680464D}.Release|Any CPU.Build.0 = Release|Any CPU
		{20D16665-FD60-4D8E-BD5D-DB265C0C53B8}.Debug|Any CPU.ActiveCfg = Debug|Any CPU
		{20D16665-FD60-4D8E-BD5D-DB265C0C53B8}.Debug|Any CPU.Build.0 = Debug|Any CPU
		{20D16665-FD60-4D8E-BD5D-DB265C0C53B8}.Release|Any CPU.ActiveCfg = Release|Any CPU
		{20D16665-FD60-4D8E-BD5D-DB265C0C53B8}.Release|Any CPU.Build.0 = Release|Any CPU
	EndGlobalSection
EndGlobal
